// !$*UTF8*$!
{
	archiveVersion = 1;
	classes = {
	};
	objectVersion = 46;
	objects = {

/* Begin PBXBuildFile section */
		394974C51C35ABCF009201A3 /* main.swift in Sources */ = {isa = PBXBuildFile; fileRef = 394974C41C35ABCF009201A3 /* main.swift */; };
		394974CD1C35AF19009201A3 /* Int.swift in Sources */ = {isa = PBXBuildFile; fileRef = 394974CC1C35AF19009201A3 /* Int.swift */; };
		394974CF1C35DEDA009201A3 /* Door.swift in Sources */ = {isa = PBXBuildFile; fileRef = 394974CE1C35DEDA009201A3 /* Door.swift */; };
		394974D11C35DEF3009201A3 /* Contest.swift in Sources */ = {isa = PBXBuildFile; fileRef = 394974D01C35DEF3009201A3 /* Contest.swift */; };
/* End PBXBuildFile section */

/* Begin PBXCopyFilesBuildPhase section */
		394974BF1C35ABCF009201A3 /* CopyFiles */ = {
			isa = PBXCopyFilesBuildPhase;
			buildActionMask = 2147483647;
			dstPath = /usr/share/man/man1/;
			dstSubfolderSpec = 0;
			files = (
			);
			runOnlyForDeploymentPostprocessing = 1;
		};
/* End PBXCopyFilesBuildPhase section */

/* Begin PBXFileReference section */
		394974C11C35ABCF009201A3 /* MontyHall */ = {isa = PBXFileReference; explicitFileType = "compiled.mach-o.executable"; includeInIndex = 0; path = MontyHall; sourceTree = BUILT_PRODUCTS_DIR; };
		394974C41C35ABCF009201A3 /* main.swift */ = {isa = PBXFileReference; lastKnownFileType = sourcecode.swift; path = main.swift; sourceTree = "<group>"; };
		394974CC1C35AF19009201A3 /* Int.swift */ = {isa = PBXFileReference; fileEncoding = 4; lastKnownFileType = sourcecode.swift; path = Int.swift; sourceTree = "<group>"; };
		394974CE1C35DEDA009201A3 /* Door.swift */ = {isa = PBXFileReference; fileEncoding = 4; lastKnownFileType = sourcecode.swift; path = Door.swift; sourceTree = "<group>"; };
		394974D01C35DEF3009201A3 /* Contest.swift */ = {isa = PBXFileReference; fileEncoding = 4; lastKnownFileType = sourcecode.swift; path = Contest.swift; sourceTree = "<group>"; };
/* End PBXFileReference section */

/* Begin PBXFrameworksBuildPhase section */
		394974BE1C35ABCF009201A3 /* Frameworks */ = {
			isa = PBXFrameworksBuildPhase;
			buildActionMask = 2147483647;
			files = (
			);
			runOnlyForDeploymentPostprocessing = 0;
		};
/* End PBXFrameworksBuildPhase section */

/* Begin PBXGroup section */
		394974B81C35ABCF009201A3 = {
			isa = PBXGroup;
			children = (
				394974C31C35ABCF009201A3 /* MontyHall */,
				394974C21C35ABCF009201A3 /* Products */,
			);
			sourceTree = "<group>";
		};
		394974C21C35ABCF009201A3 /* Products */ = {
			isa = PBXGroup;
			children = (
				394974C11C35ABCF009201A3 /* MontyHall */,
			);
			name = Products;
			sourceTree = "<group>";
		};
		394974C31C35ABCF009201A3 /* MontyHall */ = {
			isa = PBXGroup;
			children = (
				394974CB1C35AECC009201A3 /* Extensions */,
				394974C41C35ABCF009201A3 /* main.swift */,
				394974CE1C35DEDA009201A3 /* Door.swift */,
				394974D01C35DEF3009201A3 /* Contest.swift */,
			);
			path = MontyHall;
			sourceTree = "<group>";
		};
		394974CB1C35AECC009201A3 /* Extensions */ = {
			isa = PBXGroup;
			children = (
				394974CC1C35AF19009201A3 /* Int.swift */,
			);
			name = Extensions;
			sourceTree = "<group>";
		};
/* End PBXGroup section */

/* Begin PBXNativeTarget section */
		394974C01C35ABCF009201A3 /* MontyHall */ = {
			isa = PBXNativeTarget;
			buildConfigurationList = 394974C81C35ABCF009201A3 /* Build configuration list for PBXNativeTarget "MontyHall" */;
			buildPhases = (
				394974BD1C35ABCF009201A3 /* Sources */,
				394974BE1C35ABCF009201A3 /* Frameworks */,
				394974BF1C35ABCF009201A3 /* CopyFiles */,
			);
			buildRules = (
			);
			dependencies = (
			);
			name = MontyHall;
			productName = MontyHall;
			productReference = 394974C11C35ABCF009201A3 /* MontyHall */;
			productType = "com.apple.product-type.tool";
		};
/* End PBXNativeTarget section */

/* Begin PBXProject section */
		394974B91C35ABCF009201A3 /* Project object */ = {
			isa = PBXProject;
			attributes = {
				LastSwiftUpdateCheck = 0720;
				LastUpgradeCheck = 0720;
				ORGANIZATIONNAME = "Edward Loveall";
				TargetAttributes = {
					394974C01C35ABCF009201A3 = {
						CreatedOnToolsVersion = 7.2;
					};
				};
			};
			buildConfigurationList = 394974BC1C35ABCF009201A3 /* Build configuration list for PBXProject "MontyHall" */;
			compatibilityVersion = "Xcode 3.2";
			developmentRegion = English;
			hasScannedForEncodings = 0;
			knownRegions = (
				en,
			);
			mainGroup = 394974B81C35ABCF009201A3;
			productRefGroup = 394974C21C35ABCF009201A3 /* Products */;
			projectDirPath = "";
			projectRoot = "";
			targets = (
				394974C01C35ABCF009201A3 /* MontyHall */,
			);
		};
/* End PBXProject section */

/* Begin PBXSourcesBuildPhase section */
		394974BD1C35ABCF009201A3 /* Sources */ = {
			isa = PBXSourcesBuildPhase;
			buildActionMask = 2147483647;
			files = (
				394974D11C35DEF3009201A3 /* Contest.swift in Sources */,
				394974C51C35ABCF009201A3 /* main.swift in Sources */,
				394974CF1C35DEDA009201A3 /* Door.swift in Sources */,
				394974CD1C35AF19009201A3 /* Int.swift in Sources */,
			);
			runOnlyForDeploymentPostprocessing = 0;
		};
/* End PBXSourcesBuildPhase section */

/* Begin XCBuildConfiguration section */
		394974C61C35ABCF009201A3 /* Debug */ = {
			isa = XCBuildConfiguration;
			buildSettings = {
				ALWAYS_SEARCH_USER_PATHS = NO;
				CLANG_CXX_LANGUAGE_STANDARD = "gnu++0x";
				CLANG_CXX_LIBRARY = "libc++";
				CLANG_ENABLE_MODULES = YES;
				CLANG_ENABLE_OBJC_ARC = YES;
				CLANG_WARN_BOOL_CONVERSION = YES;
				CLANG_WARN_CONSTANT_CONVERSION = YES;
				CLANG_WARN_DIRECT_OBJC_ISA_USAGE = YES_ERROR;
				CLANG_WARN_EMPTY_BODY = YES;
				CLANG_WARN_ENUM_CONVERSION = YES;
				CLANG_WARN_INT_CONVERSION = YES;
				CLANG_WARN_OBJC_ROOT_CLASS = YES_ERROR;
				CLANG_WARN_UNREACHABLE_CODE = YES;
				CLANG_WARN__DUPLICATE_METHOD_MATCH = YES;
				CODE_SIGN_IDENTITY = "-";
				COPY_PHASE_STRIP = NO;
				DEBUG_INFORMATION_FORMAT = dwarf;
				ENABLE_STRICT_OBJC_MSGSEND = YES;
				ENABLE_TESTABILITY = YES;
				GCC_C_LANGUAGE_STANDARD = gnu99;
				GCC_DYNAMIC_NO_PIC = NO;
				GCC_NO_COMMON_BLOCKS = YES;
				GCC_OPTIMIZATION_LEVEL = 0;
				GCC_PREPROCESSOR_DEFINITIONS = (
					"DEBUG=1",
					"$(inherited)",
				);
				GCC_WARN_64_TO_32_BIT_CONVERSION = YES;
				GCC_WARN_ABOUT_RETURN_TYPE = YES_ERROR;
				GCC_WARN_UNDECLARED_SELECTOR = YES;
				GCC_WARN_UNINITIALIZED_AUTOS = YES_AGGRESSIVE;
				GCC_WARN_UNUSED_FUNCTION = YES;
				GCC_WARN_UNUSED_VARIABLE = YES;
				MACOSX_DEPLOYMENT_TARGET = 10.11;
				MTL_ENABLE_DEBUG_INFO = YES;
				ONLY_ACTIVE_ARCH = YES;
				SDKROOT = macosx;
				SWIFT_OPTIMIZATION_LEVEL = "-Onone";
			};
			name = Debug;
		};
		394974C71C35ABCF009201A3 /* Release */ = {
			isa = XCBuildConfiguration;
			buildSettings = {
				ALWAYS_SEARCH_USER_PATHS = NO;
				CLANG_CXX_LANGUAGE_STANDARD = "gnu++0x";
				CLANG_CXX_LIBRARY = "libc++";
				CLANG_ENABLE_MODULES = YES;
				CLANG_ENABLE_OBJC_ARC = YES;
				CLANG_WARN_BOOL_CONVERSION = YES;
				CLANG_WARN_CONSTANT_CONVERSION = YES;
				CLANG_WARN_DIRECT_OBJC_ISA_USAGE = YES_ERROR;
				CLANG_WARN_EMPTY_BODY = YES;
				CLANG_WARN_ENUM_CONVERSION = YES;
				CLANG_WARN_INT_CONVERSION = YES;
				CLANG_WARN_OBJC_ROOT_CLASS = YES_ERROR;
				CLANG_WARN_UNREACHABLE_CODE = YES;
				CLANG_WARN__DUPLICATE_METHOD_MATCH = YES;
				CODE_SIGN_IDENTITY = "-";
				COPY_PHASE_STRIP = NO;
				DEBUG_INFORMATION_FORMAT = "dwarf-with-dsym";
				ENABLE_NS_ASSERTIONS = NO;
				ENABLE_STRICT_OBJC_MSGSEND = YES;
				GCC_C_LANGUAGE_STANDARD = gnu99;
				GCC_NO_COMMON_BLOCKS = YES;
				GCC_WARN_64_TO_32_BIT_CONVERSION = YES;
				GCC_WARN_ABOUT_RETURN_TYPE = YES_ERROR;
				GCC_WARN_UNDECLARED_SELECTOR = YES;
				GCC_WARN_UNINITIALIZED_AUTOS = YES_AGGRESSIVE;
				GCC_WARN_UNUSED_FUNCTION = YES;
				GCC_WARN_UNUSED_VARIABLE = YES;
				MACOSX_DEPLOYMENT_TARGET = 10.11;
				MTL_ENABLE_DEBUG_INFO = NO;
				SDKROOT = macosx;
			};
			name = Release;
		};
		394974C91C35ABCF009201A3 /* Debug */ = {
			isa = XCBuildConfiguration;
			buildSettings = {
				PRODUCT_NAME = "$(TARGET_NAME)";
			};
			name = Debug;
		};
		394974CA1C35ABCF009201A3 /* Release */ = {
			isa = XCBuildConfiguration;
			buildSettings = {
				PRODUCT_NAME = "$(TARGET_NAME)";
			};
			name = Release;
		};
/* End XCBuildConfiguration section */

/* Begin XCConfigurationList section */
		394974BC1C35ABCF009201A3 /* Build configuration list for PBXProject "MontyHall" */ = {
			isa = XCConfigurationList;
			buildConfigurations = (
				394974C61C35ABCF009201A3 /* Debug */,
				394974C71C35ABCF009201A3 /* Release */,
			);
			defaultConfigurationIsVisible = 0;
			defaultConfigurationName = Release;
		};
		394974C81C35ABCF009201A3 /* Build configuration list for PBXNativeTarget "MontyHall" */ = {
			isa = XCConfigurationList;
			buildConfigurations = (
				394974C91C35ABCF009201A3 /* Debug */,
				394974CA1C35ABCF009201A3 /* Release */,
			);
			defaultConfigurationIsVisible = 0;
		};
/* End XCConfigurationList section */
	};
	rootObject = 394974B91C35ABCF009201A3 /* Project object */;
}
